
Microsoft Visual Studio Solution File, Format Version 12.00
# Visual Studio Version 16
VisualStudioVersion = 16.0.29521.150
MinimumVisualStudioVersion = 15.0.26124.0
Project("{2150E333-8FDC-42A3-9474-1A3956D46DE8}") = "src", "src", "{FBDF4A22-7615-4286-A6FE-C60251C7AB3C}"
EndProject
Project("{2150E333-8FDC-42A3-9474-1A3956D46DE8}") = "Example1", "Example1", "{0E8554D5-4DFA-4F45-B971-E1EF343B40BD}"
EndProject
Project("{9A19103F-16F7-4668-BE54-9A1E7A4F7556}") = "BlazorAgGrid", "src\BlazorAgGrid\BlazorAgGrid.csproj", "{26D429F7-CD04-4496-A3B3-3DDDC86F0CA8}"
EndProject
Project("{2150E333-8FDC-42A3-9474-1A3956D46DE8}") = "examples", "examples", "{4CA5C76A-C44A-43C8-9D9B-A8A3340C358C}"
EndProject
Project("{9A19103F-16F7-4668-BE54-9A1E7A4F7556}") = "Example1.Shared", "src\examples\Example1\Shared\Example1.Shared.csproj", "{98311B45-EF17-424E-A393-1023C9441D63}"
EndProject
Project("{9A19103F-16F7-4668-BE54-9A1E7A4F7556}") = "Example1.Client", "src\examples\Example1\Client\Example1.Client.csproj", "{C024FEA5-21B1-45BE-B2E5-5C1A4C5BB94E}"
EndProject
Project("{9A19103F-16F7-4668-BE54-9A1E7A4F7556}") = "Example1.Server", "src\examples\Example1\Server\Example1.Server.csproj", "{74E5CBE0-3F75-490C-A323-6DB36B60D391}"
EndProject
Project("{9A19103F-16F7-4668-BE54-9A1E7A4F7556}") = "Example2", "src\examples\Example2\Example2.csproj", "{74106FC1-2098-49A8-B5DB-0C8E04C21045}"
EndProject
Project("{9A19103F-16F7-4668-BE54-9A1E7A4F7556}") = "Example3", "src\examples\Example3\Example3.csproj", "{8645AE7A-0D92-4DCA-9061-C4986D76F57A}"
EndProject
Project("{2150E333-8FDC-42A3-9474-1A3956D46DE8}") = "misc", "misc", "{C2BF0157-2758-49D9-9EA4-48675C967EA4}"
	ProjectSection(SolutionItems) = preProject
		Directory.build.props = Directory.build.props
		README.md = README.md
		Versions.props = Versions.props
	EndProjectSection
EndProject
Global
	GlobalSection(SolutionConfigurationPlatforms) = preSolution
		Debug|Any CPU = Debug|Any CPU
		Debug|x64 = Debug|x64
		Debug|x86 = Debug|x86
		Release|Any CPU = Release|Any CPU
		Release|x64 = Release|x64
		Release|x86 = Release|x86
	EndGlobalSection
	GlobalSection(ProjectConfigurationPlatforms) = postSolution
		{26D429F7-CD04-4496-A3B3-3DDDC86F0CA8}.Debug|Any CPU.ActiveCfg = Debug|Any CPU
		{26D429F7-CD04-4496-A3B3-3DDDC86F0CA8}.Debug|Any CPU.Build.0 = Debug|Any CPU
		{26D429F7-CD04-4496-A3B3-3DDDC86F0CA8}.Debug|x64.ActiveCfg = Debug|Any CPU
		{26D429F7-CD04-4496-A3B3-3DDDC86F0CA8}.Debug|x64.Build.0 = Debug|Any CPU
		{26D429F7-CD04-4496-A3B3-3DDDC86F0CA8}.Debug|x86.ActiveCfg = Debug|Any CPU
		{26D429F7-CD04-4496-A3B3-3DDDC86F0CA8}.Debug|x86.Build.0 = Debug|Any CPU
		{26D429F7-CD04-4496-A3B3-3DDDC86F0CA8}.Release|Any CPU.ActiveCfg = Release|Any CPU
		{26D429F7-CD04-4496-A3B3-3DDDC86F0CA8}.Release|Any CPU.Build.0 = Release|Any CPU
		{26D429F7-CD04-4496-A3B3-3DDDC86F0CA8}.Release|x64.ActiveCfg = Release|Any CPU
		{26D429F7-CD04-4496-A3B3-3DDDC86F0CA8}.Release|x64.Build.0 = Release|Any CPU
		{26D429F7-CD04-4496-A3B3-3DDDC86F0CA8}.Release|x86.ActiveCfg = Release|Any CPU
		{26D429F7-CD04-4496-A3B3-3DDDC86F0CA8}.Release|x86.Build.0 = Release|Any CPU
		{98311B45-EF17-424E-A393-1023C9441D63}.Debug|Any CPU.ActiveCfg = Debug|Any CPU
		{98311B45-EF17-424E-A393-1023C9441D63}.Debug|Any CPU.Build.0 = Debug|Any CPU
		{98311B45-EF17-424E-A393-1023C9441D63}.Debug|x64.ActiveCfg = Debug|Any CPU
		{98311B45-EF17-424E-A393-1023C9441D63}.Debug|x64.Build.0 = Debug|Any CPU
		{98311B45-EF17-424E-A393-1023C9441D63}.Debug|x86.ActiveCfg = Debug|Any CPU
		{98311B45-EF17-424E-A393-1023C9441D63}.Debug|x86.Build.0 = Debug|Any CPU
		{98311B45-EF17-424E-A393-1023C9441D63}.Release|Any CPU.ActiveCfg = Release|Any CPU
		{98311B45-EF17-424E-A393-1023C9441D63}.Release|Any CPU.Build.0 = Release|Any CPU
		{98311B45-EF17-424E-A393-1023C9441D63}.Release|x64.ActiveCfg = Release|Any CPU
		{98311B45-EF17-424E-A393-1023C9441D63}.Release|x64.Build.0 = Release|Any CPU
		{98311B45-EF17-424E-A393-1023C9441D63}.Release|x86.ActiveCfg = Release|Any CPU
		{98311B45-EF17-424E-A393-1023C9441D63}.Release|x86.Build.0 = Release|Any CPU
		{C024FEA5-21B1-45BE-B2E5-5C1A4C5BB94E}.Debug|Any CPU.ActiveCfg = Debug|Any CPU
		{C024FEA5-21B1-45BE-B2E5-5C1A4C5BB94E}.Debug|Any CPU.Build.0 = Debug|Any CPU
		{C024FEA5-21B1-45BE-B2E5-5C1A4C5BB94E}.Debug|x64.ActiveCfg = Debug|Any CPU
		{C024FEA5-21B1-45BE-B2E5-5C1A4C5BB94E}.Debug|x64.Build.0 = Debug|Any CPU
		{C024FEA5-21B1-45BE-B2E5-5C1A4C5BB94E}.Debug|x86.ActiveCfg = Debug|Any CPU
		{C024FEA5-21B1-45BE-B2E5-5C1A4C5BB94E}.Debug|x86.Build.0 = Debug|Any CPU
		{C024FEA5-21B1-45BE-B2E5-5C1A4C5BB94E}.Release|Any CPU.ActiveCfg = Release|Any CPU
		{C024FEA5-21B1-45BE-B2E5-5C1A4C5BB94E}.Release|Any CPU.Build.0 = Release|Any CPU
		{C024FEA5-21B1-45BE-B2E5-5C1A4C5BB94E}.Release|x64.ActiveCfg = Release|Any CPU
		{C024FEA5-21B1-45BE-B2E5-5C1A4C5BB94E}.Release|x64.Build.0 = Release|Any CPU
		{C024FEA5-21B1-45BE-B2E5-5C1A4C5BB94E}.Release|x86.ActiveCfg = Release|Any CPU
		{C024FEA5-21B1-45BE-B2E5-5C1A4C5BB94E}.Release|x86.Build.0 = Release|Any CPU
		{74E5CBE0-3F75-490C-A323-6DB36B60D391}.Debug|Any CPU.ActiveCfg = Debug|Any CPU
		{74E5CBE0-3F75-490C-A323-6DB36B60D391}.Debug|Any CPU.Build.0 = Debug|Any CPU
		{74E5CBE0-3F75-490C-A323-6DB36B60D391}.Debug|x64.ActiveCfg = Debug|Any CPU
		{74E5CBE0-3F75-490C-A323-6DB36B60D391}.Debug|x64.Build.0 = Debug|Any CPU
		{74E5CBE0-3F75-490C-A323-6DB36B60D391}.Debug|x86.ActiveCfg = Debug|Any CPU
		{74E5CBE0-3F75-490C-A323-6DB36B60D391}.Debug|x86.Build.0 = Debug|Any CPU
		{74E5CBE0-3F75-490C-A323-6DB36B60D391}.Release|Any CPU.ActiveCfg = Release|Any CPU
		{74E5CBE0-3F75-490C-A323-6DB36B60D391}.Release|Any CPU.Build.0 = Release|Any CPU
		{74E5CBE0-3F75-490C-A323-6DB36B60D391}.Release|x64.ActiveCfg = Release|Any CPU
		{74E5CBE0-3F75-490C-A323-6DB36B60D391}.Release|x64.Build.0 = Release|Any CPU
		{74E5CBE0-3F75-490C-A323-6DB36B60D391}.Release|x86.ActiveCfg = Release|Any CPU
		{74E5CBE0-3F75-490C-A323-6DB36B60D391}.Release|x86.Build.0 = Release|Any CPU
		{74106FC1-2098-49A8-B5DB-0C8E04C21045}.Debug|Any CPU.ActiveCfg = Debug|Any CPU
		{74106FC1-2098-49A8-B5DB-0C8E04C21045}.Debug|Any CPU.Build.0 = Debug|Any CPU
		{74106FC1-2098-49A8-B5DB-0C8E04C21045}.Debug|x64.ActiveCfg = Debug|Any CPU
		{74106FC1-2098-49A8-B5DB-0C8E04C21045}.Debug|x64.Build.0 = Debug|Any CPU
		{74106FC1-2098-49A8-B5DB-0C8E04C21045}.Debug|x86.ActiveCfg = Debug|Any CPU
		{74106FC1-2098-49A8-B5DB-0C8E04C21045}.Debug|x86.Build.0 = Debug|Any CPU
		{74106FC1-2098-49A8-B5DB-0C8E04C21045}.Release|Any CPU.ActiveCfg = Release|Any CPU
		{74106FC1-2098-49A8-B5DB-0C8E04C21045}.Release|Any CPU.Build.0 = Release|Any CPU
		{74106FC1-2098-49A8-B5DB-0C8E04C21045}.Release|x64.ActiveCfg = Release|Any CPU
		{74106FC1-2098-49A8-B5DB-0C8E04C21045}.Release|x64.Build.0 = Release|Any CPU
		{74106FC1-2098-49A8-B5DB-0C8E04C21045}.Release|x86.ActiveCfg = Release|Any CPU
		{74106FC1-2098-49A8-B5DB-0C8E04C21045}.Release|x86.Build.0 = Release|Any CPU
		{8645AE7A-0D92-4DCA-9061-C4986D76F57A}.Debug|Any CPU.ActiveCfg = Debug|Any CPU
		{8645AE7A-0D92-4DCA-9061-C4986D76F57A}.Debug|Any CPU.Build.0 = Debug|Any CPU
		{8645AE7A-0D92-4DCA-9061-C4986D76F57A}.Debug|x64.ActiveCfg = Debug|Any CPU
		{8645AE7A-0D92-4DCA-9061-C4986D76F57A}.Debug|x64.Build.0 = Debug|Any CPU
		{8645AE7A-0D92-4DCA-9061-C4986D76F57A}.Debug|x86.ActiveCfg = Debug|Any CPU
		{8645AE7A-0D92-4DCA-9061-C4986D76F57A}.Debug|x86.Build.0 = Debug|Any CPU
		{8645AE7A-0D92-4DCA-9061-C4986D76F57A}.Release|Any CPU.ActiveCfg = Release|Any CPU
		{8645AE7A-0D92-4DCA-9061-C4986D76F57A}.Release|Any CPU.Build.0 = Release|Any CPU
		{8645AE7A-0D92-4DCA-9061-C4986D76F57A}.Release|x64.ActiveCfg = Release|Any CPU
		{8645AE7A-0D92-4DCA-9061-C4986D76F57A}.Release|x64.Build.0 = Release|Any CPU
		{8645AE7A-0D92-4DCA-9061-C4986D76F57A}.Release|x86.ActiveCfg = Release|Any CPU
		{8645AE7A-0D92-4DCA-9061-C4986D76F57A}.Release|x86.Build.0 = Release|Any CPU
	EndGlobalSection
	GlobalSection(SolutionProperties) = preSolution
		HideSolutionNode = FALSE
	EndGlobalSection
	GlobalSection(NestedProjects) = preSolution
		{0E8554D5-4DFA-4F45-B971-E1EF343B40BD} = {4CA5C76A-C44A-43C8-9D9B-A8A3340C358C}
		{26D429F7-CD04-4496-A3B3-3DDDC86F0CA8} = {FBDF4A22-7615-4286-A6FE-C60251C7AB3C}
		{4CA5C76A-C44A-43C8-9D9B-A8A3340C358C} = {FBDF4A22-7615-4286-A6FE-C60251C7AB3C}
		{98311B45-EF17-424E-A393-1023C9441D63} = {0E8554D5-4DFA-4F45-B971-E1EF343B40BD}
		{C024FEA5-21B1-45BE-B2E5-5C1A4C5BB94E} = {0E8554D5-4DFA-4F45-B971-E1EF343B40BD}
		{74E5CBE0-3F75-490C-A323-6DB36B60D391} = {0E8554D5-4DFA-4F45-B971-E1EF343B40BD}
		{74106FC1-2098-49A8-B5DB-0C8E04C21045} = {4CA5C76A-C44A-43C8-9D9B-A8A3340C358C}
		{8645AE7A-0D92-4DCA-9061-C4986D76F57A} = {4CA5C76A-C44A-43C8-9D9B-A8A3340C358C}
	EndGlobalSection
	GlobalSection(ExtensibilityGlobals) = postSolution
		SolutionGuid = {D96EF305-8648-46C7-9140-CAB4AC60E7DF}
	EndGlobalSection
EndGlobal
