Microsoft Visual Studio Solution File, Format Version 12.00
# Visual Studio Version 16
VisualStudioVersion = 16.0.0.0
MinimumVisualStudioVersion = 16.0.0.0
Project("{9A19103F-16F7-4668-BE54-9A1E7A4F7556}") = "Example1.Server", "Server\Example1.Server.csproj", "{A45D7AA3-3765-4AEA-818A-7268789A31D3}"
EndProject
Project("{9A19103F-16F7-4668-BE54-9A1E7A4F7556}") = "Example1.Client", "Client\Example1.Client.csproj", "{B38903F0-E4FF-4043-BCFD-FD37A93F0B9E}"
EndProject
Project("{9A19103F-16F7-4668-BE54-9A1E7A4F7556}") = "Example1.Shared", "Shared\Example1.Shared.csproj", "{C7C7156F-0515-451C-935B-2E79C58BF303}"
EndProject
Global
	GlobalSection(SolutionConfigurationPlatforms) = preSolution
		Debug|Any CPU = Debug|Any CPU
		Debug|x64 = Debug|x64
		Debug|x86 = Debug|x86
		Release|Any CPU = Release|Any CPU
		Release|x64 = Release|x64
		Release|x86 = Release|x86
	EndGlobalSection
	GlobalSection(ProjectConfigurationPlatforms) = postSolution
		{B38903F0-E4FF-4043-BCFD-FD37A93F0B9E}.Debug|Any CPU.ActiveCfg = Debug|Any CPU
		{B38903F0-E4FF-4043-BCFD-FD37A93F0B9E}.Debug|Any CPU.Build.0 = Debug|Any CPU
		{B38903F0-E4FF-4043-BCFD-FD37A93F0B9E}.Debug|x64.ActiveCfg = Debug|Any CPU
		{B38903F0-E4FF-4043-BCFD-FD37A93F0B9E}.Debug|x64.Build.0 = Debug|Any CPU
		{B38903F0-E4FF-4043-BCFD-FD37A93F0B9E}.Debug|x86.ActiveCfg = Debug|Any CPU
		{B38903F0-E4FF-4043-BCFD-FD37A93F0B9E}.Debug|x86.Build.0 = Debug|Any CPU
		{B38903F0-E4FF-4043-BCFD-FD37A93F0B9E}.Release|Any CPU.ActiveCfg = Release|Any CPU
		{B38903F0-E4FF-4043-BCFD-FD37A93F0B9E}.Release|Any CPU.Build.0 = Release|Any CPU
		{B38903F0-E4FF-4043-BCFD-FD37A93F0B9E}.Release|x64.ActiveCfg = Release|Any CPU
		{B38903F0-E4FF-4043-BCFD-FD37A93F0B9E}.Release|x64.Build.0 = Release|Any CPU
		{B38903F0-E4FF-4043-BCFD-FD37A93F0B9E}.Release|x86.ActiveCfg = Release|Any CPU
		{B38903F0-E4FF-4043-BCFD-FD37A93F0B9E}.Release|x86.Build.0 = Release|Any CPU
		{A45D7AA3-3765-4AEA-818A-7268789A31D3}.Debug|Any CPU.ActiveCfg = Debug|Any CPU
		{A45D7AA3-3765-4AEA-818A-7268789A31D3}.Debug|Any CPU.Build.0 = Debug|Any CPU
		{A45D7AA3-3765-4AEA-818A-7268789A31D3}.Debug|x64.ActiveCfg = Debug|Any CPU
		{A45D7AA3-3765-4AEA-818A-7268789A31D3}.Debug|x64.Build.0 = Debug|Any CPU
		{A45D7AA3-3765-4AEA-818A-7268789A31D3}.Debug|x86.ActiveCfg = Debug|Any CPU
		{A45D7AA3-3765-4AEA-818A-7268789A31D3}.Debug|x86.Build.0 = Debug|Any CPU
		{A45D7AA3-3765-4AEA-818A-7268789A31D3}.Release|Any CPU.ActiveCfg = Release|Any CPU
		{A45D7AA3-3765-4AEA-818A-7268789A31D3}.Release|Any CPU.Build.0 = Release|Any CPU
		{A45D7AA3-3765-4AEA-818A-7268789A31D3}.Release|x64.ActiveCfg = Release|Any CPU
		{A45D7AA3-3765-4AEA-818A-7268789A31D3}.Release|x64.Build.0 = Release|Any CPU
		{A45D7AA3-3765-4AEA-818A-7268789A31D3}.Release|x86.ActiveCfg = Release|Any CPU
		{A45D7AA3-3765-4AEA-818A-7268789A31D3}.Release|x86.Build.0 = Release|Any CPU
		{C7C7156F-0515-451C-935B-2E79C58BF303}.Debug|Any CPU.ActiveCfg = Debug|Any CPU
		{C7C7156F-0515-451C-935B-2E79C58BF303}.Debug|Any CPU.Build.0 = Debug|Any CPU
		{C7C7156F-0515-451C-935B-2E79C58BF303}.Debug|x64.ActiveCfg = Debug|Any CPU
		{C7C7156F-0515-451C-935B-2E79C58BF303}.Debug|x64.Build.0 = Debug|Any CPU
		{C7C7156F-0515-451C-935B-2E79C58BF303}.Debug|x86.ActiveCfg = Debug|Any CPU
		{C7C7156F-0515-451C-935B-2E79C58BF303}.Debug|x86.Build.0 = Debug|Any CPU
		{C7C7156F-0515-451C-935B-2E79C58BF303}.Release|Any CPU.ActiveCfg = Release|Any CPU
		{C7C7156F-0515-451C-935B-2E79C58BF303}.Release|Any CPU.Build.0 = Release|Any CPU
		{C7C7156F-0515-451C-935B-2E79C58BF303}.Release|x64.ActiveCfg = Release|Any CPU
		{C7C7156F-0515-451C-935B-2E79C58BF303}.Release|x64.Build.0 = Release|Any CPU
		{C7C7156F-0515-451C-935B-2E79C58BF303}.Release|x86.ActiveCfg = Release|Any CPU
		{C7C7156F-0515-451C-935B-2E79C58BF303}.Release|x86.Build.0 = Release|Any CPU
	EndGlobalSection
	GlobalSection(SolutionProperties) = preSolution
		HideSolutionNode = FALSE
	EndGlobalSection
	GlobalSection(ExtensibilityGlobals) = postSolution
		SolutionGuid = {4F71B530-32CB-4922-B8ED-07166E40B2A0}
	EndGlobalSection
EndGlobal
